
Microsoft Visual Studio Solution File, Format Version 12.00
# Visual Studio Version 16
VisualStudioVersion = 16.0.30503.244
MinimumVisualStudioVersion = 10.0.40219.1
Project("{FAE04EC0-301F-11D3-BF4B-00C04F79EFBC}") = "InvestmentManager", "InvestmentManager\InvestmentManager.csproj", "{C6B36966-C552-4D50-A405-5CE3B6CCC353}"
EndProject
Global
	GlobalSection(SolutionConfigurationPlatforms) = preSolution
		Debug|Any CPU = Debug|Any CPU
		Release|Any CPU = Release|Any CPU
	EndGlobalSection
	GlobalSection(ProjectConfigurationPlatforms) = postSolution
		{C6B36966-C552-4D50-A405-5CE3B6CCC353}.Debug|Any CPU.ActiveCfg = Debug|Any CPU
		{C6B36966-C552-4D50-A405-5CE3B6CCC353}.Debug|Any CPU.Build.0 = Debug|Any CPU
		{C6B36966-C552-4D50-A405-5CE3B6CCC353}.Release|Any CPU.ActiveCfg = Release|Any CPU
		{C6B36966-C552-4D50-A405-5CE3B6CCC353}.Release|Any CPU.Build.0 = Release|Any CPU
	EndGlobalSection
	GlobalSection(SolutionProperties) = preSolution
		HideSolutionNode = FALSE
	EndGlobalSection
	GlobalSection(ExtensibilityGlobals) = postSolution
		SolutionGuid = {0D8838F4-90C1-4DA6-B541-502B9014DB0F}
	EndGlobalSection
EndGlobal
